// !$*UTF8*$!
{
	archiveVersion = 1;
	classes = {
	};
	objectVersion = 56;
	objects = {

/* Begin PBXBuildFile section */
		B8AE755C2D4C9D7900EEF1D8 /* NextRaceApp.swift in Sources */ = {isa = PBXBuildFile; fileRef = B8AE755B2D4C9D7900EEF1D8 /* NextRaceApp.swift */; };
		B8AE75602D4C9D7C00EEF1D8 /* Assets.xcassets in Resources */ = {isa = PBXBuildFile; fileRef = B8AE755F2D4C9D7C00EEF1D8 /* Assets.xcassets */; };
		B8AE75632D4C9D7C00EEF1D8 /* Preview Assets.xcassets in Resources */ = {isa = PBXBuildFile; fileRef = B8AE75622D4C9D7C00EEF1D8 /* Preview Assets.xcassets */; };
		B8AE756D2D4C9D7C00EEF1D8 /* NextRaceTests.swift in Sources */ = {isa = PBXBuildFile; fileRef = B8AE756C2D4C9D7C00EEF1D8 /* NextRaceTests.swift */; };
		B8AE758B2D4CB01D00EEF1D8 /* SearchView.swift in Sources */ = {isa = PBXBuildFile; fileRef = B8AE758A2D4CB01D00EEF1D8 /* SearchView.swift */; };
		B8AE75922D4CB75B00EEF1D8 /* Resources.swift in Sources */ = {isa = PBXBuildFile; fileRef = B8AE75912D4CB75B00EEF1D8 /* Resources.swift */; };
		B8AE75962D4CBED100EEF1D8 /* FugazOne-Regular.ttf in Resources */ = {isa = PBXBuildFile; fileRef = B8AE75952D4CBED100EEF1D8 /* FugazOne-Regular.ttf */; };
		B8AE75982D4CC0A200EEF1D8 /* Localizable.xcstrings in Resources */ = {isa = PBXBuildFile; fileRef = B8AE75972D4CC0A200EEF1D8 /* Localizable.xcstrings */; };
		B8AE759A2D4CC2B600EEF1D8 /* SearchViewModel.swift in Sources */ = {isa = PBXBuildFile; fileRef = B8AE75992D4CC2B600EEF1D8 /* SearchViewModel.swift */; };
		B8AE759C2D4CC2E100EEF1D8 /* CustomNavigationBar.swift in Sources */ = {isa = PBXBuildFile; fileRef = B8AE759B2D4CC2E100EEF1D8 /* CustomNavigationBar.swift */; };
/* End PBXBuildFile section */

/* Begin PBXContainerItemProxy section */
		B8AE75692D4C9D7C00EEF1D8 /* PBXContainerItemProxy */ = {
			isa = PBXContainerItemProxy;
			containerPortal = B8AE75502D4C9D7900EEF1D8 /* Project object */;
			proxyType = 1;
			remoteGlobalIDString = B8AE75572D4C9D7900EEF1D8;
			remoteInfo = NextRace;
		};
/* End PBXContainerItemProxy section */

/* Begin PBXFileReference section */
		B8AE75582D4C9D7900EEF1D8 /* NextRace.app */ = {isa = PBXFileReference; explicitFileType = wrapper.application; includeInIndex = 0; path = NextRace.app; sourceTree = BUILT_PRODUCTS_DIR; };
		B8AE755B2D4C9D7900EEF1D8 /* NextRaceApp.swift */ = {isa = PBXFileReference; lastKnownFileType = sourcecode.swift; path = NextRaceApp.swift; sourceTree = "<group>"; };
		B8AE755F2D4C9D7C00EEF1D8 /* Assets.xcassets */ = {isa = PBXFileReference; lastKnownFileType = folder.assetcatalog; path = Assets.xcassets; sourceTree = "<group>"; };
		B8AE75622D4C9D7C00EEF1D8 /* Preview Assets.xcassets */ = {isa = PBXFileReference; lastKnownFileType = folder.assetcatalog; path = "Preview Assets.xcassets"; sourceTree = "<group>"; };
		B8AE75682D4C9D7C00EEF1D8 /* NextRaceTests.xctest */ = {isa = PBXFileReference; explicitFileType = wrapper.cfbundle; includeInIndex = 0; path = NextRaceTests.xctest; sourceTree = BUILT_PRODUCTS_DIR; };
		B8AE756C2D4C9D7C00EEF1D8 /* NextRaceTests.swift */ = {isa = PBXFileReference; lastKnownFileType = sourcecode.swift; path = NextRaceTests.swift; sourceTree = "<group>"; };
		B8AE75862D4CA30800EEF1D8 /* NextRace-Info.plist */ = {isa = PBXFileReference; lastKnownFileType = text.plist.xml; path = "NextRace-Info.plist"; sourceTree = "<group>"; };
		B8AE758A2D4CB01D00EEF1D8 /* SearchView.swift */ = {isa = PBXFileReference; lastKnownFileType = sourcecode.swift; path = SearchView.swift; sourceTree = "<group>"; };
		B8AE75912D4CB75B00EEF1D8 /* Resources.swift */ = {isa = PBXFileReference; lastKnownFileType = sourcecode.swift; path = Resources.swift; sourceTree = "<group>"; };
		B8AE75952D4CBED100EEF1D8 /* FugazOne-Regular.ttf */ = {isa = PBXFileReference; lastKnownFileType = file; path = "FugazOne-Regular.ttf"; sourceTree = "<group>"; };
		B8AE75972D4CC0A200EEF1D8 /* Localizable.xcstrings */ = {isa = PBXFileReference; lastKnownFileType = text.json.xcstrings; path = Localizable.xcstrings; sourceTree = "<group>"; };
		B8AE75992D4CC2B600EEF1D8 /* SearchViewModel.swift */ = {isa = PBXFileReference; lastKnownFileType = sourcecode.swift; path = SearchViewModel.swift; sourceTree = "<group>"; };
		B8AE759B2D4CC2E100EEF1D8 /* CustomNavigationBar.swift */ = {isa = PBXFileReference; lastKnownFileType = sourcecode.swift; path = CustomNavigationBar.swift; sourceTree = "<group>"; };
/* End PBXFileReference section */

/* Begin PBXFrameworksBuildPhase section */
		B8AE75552D4C9D7900EEF1D8 /* Frameworks */ = {
			isa = PBXFrameworksBuildPhase;
			buildActionMask = 2147483647;
			files = (
			);
			runOnlyForDeploymentPostprocessing = 0;
		};
		B8AE75652D4C9D7C00EEF1D8 /* Frameworks */ = {
			isa = PBXFrameworksBuildPhase;
			buildActionMask = 2147483647;
			files = (
			);
			runOnlyForDeploymentPostprocessing = 0;
		};
/* End PBXFrameworksBuildPhase section */

/* Begin PBXGroup section */
		B8AE754F2D4C9D7900EEF1D8 = {
			isa = PBXGroup;
			children = (
				B8AE75872D4CA75E00EEF1D8 /* Configuration */,
				B8AE75592D4C9D7900EEF1D8 /* Products */,
				B8AE75852D4C9F6600EEF1D8 /* Resources */,
				B8AE755A2D4C9D7900EEF1D8 /* Sources */,
				B8AE756B2D4C9D7C00EEF1D8 /* Tests */,
			);
			sourceTree = "<group>";
		};
		B8AE75592D4C9D7900EEF1D8 /* Products */ = {
			isa = PBXGroup;
			children = (
				B8AE75582D4C9D7900EEF1D8 /* NextRace.app */,
				B8AE75682D4C9D7C00EEF1D8 /* NextRaceTests.xctest */,
			);
			name = Products;
			sourceTree = "<group>";
		};
		B8AE755A2D4C9D7900EEF1D8 /* Sources */ = {
			isa = PBXGroup;
			children = (
				B8AE75882D4CAFEF00EEF1D8 /* Views */,
			);
			path = Sources;
			sourceTree = "<group>";
		};
		B8AE75612D4C9D7C00EEF1D8 /* Preview Content */ = {
			isa = PBXGroup;
			children = (
				B8AE75622D4C9D7C00EEF1D8 /* Preview Assets.xcassets */,
			);
			path = "Preview Content";
			sourceTree = "<group>";
		};
		B8AE756B2D4C9D7C00EEF1D8 /* Tests */ = {
			isa = PBXGroup;
			children = (
				B8AE756C2D4C9D7C00EEF1D8 /* NextRaceTests.swift */,
			);
			path = Tests;
			sourceTree = "<group>";
		};
		B8AE75852D4C9F6600EEF1D8 /* Resources */ = {
			isa = PBXGroup;
			children = (
				B8AE755F2D4C9D7C00EEF1D8 /* Assets.xcassets */,
				B8AE758E2D4CB65E00EEF1D8 /* Fonts */,
				B8AE75612D4C9D7C00EEF1D8 /* Preview Content */,
				B8AE75912D4CB75B00EEF1D8 /* Resources.swift */,
				B8AE75972D4CC0A200EEF1D8 /* Localizable.xcstrings */,
			);
			path = Resources;
			sourceTree = "<group>";
		};
		B8AE75872D4CA75E00EEF1D8 /* Configuration */ = {
			isa = PBXGroup;
			children = (
				B8AE75862D4CA30800EEF1D8 /* NextRace-Info.plist */,
			);
			path = Configuration;
			sourceTree = "<group>";
		};
		B8AE75882D4CAFEF00EEF1D8 /* Views */ = {
			isa = PBXGroup;
			children = (
				B8AE75892D4CAFF900EEF1D8 /* Launch */,
				B8AE758C2D4CB02F00EEF1D8 /* Tabs */,
			);
			path = Views;
			sourceTree = "<group>";
		};
		B8AE75892D4CAFF900EEF1D8 /* Launch */ = {
			isa = PBXGroup;
			children = (
				B8AE755B2D4C9D7900EEF1D8 /* NextRaceApp.swift */,
			);
			path = Launch;
			sourceTree = "<group>";
		};
		B8AE758C2D4CB02F00EEF1D8 /* Tabs */ = {
			isa = PBXGroup;
			children = (
				B8AE758D2D4CB03600EEF1D8 /* Search */,
			);
			path = Tabs;
			sourceTree = "<group>";
		};
		B8AE758D2D4CB03600EEF1D8 /* Search */ = {
			isa = PBXGroup;
			children = (
				B8AE758A2D4CB01D00EEF1D8 /* SearchView.swift */,
				B8AE759B2D4CC2E100EEF1D8 /* CustomNavigationBar.swift */,
				B8AE75992D4CC2B600EEF1D8 /* SearchViewModel.swift */,
			);
			path = Search;
			sourceTree = "<group>";
		};
		B8AE758E2D4CB65E00EEF1D8 /* Fonts */ = {
			isa = PBXGroup;
			children = (
				B8AE75952D4CBED100EEF1D8 /* FugazOne-Regular.ttf */,
			);
			path = Fonts;
			sourceTree = "<group>";
		};
/* End PBXGroup section */

/* Begin PBXNativeTarget section */
		B8AE75572D4C9D7900EEF1D8 /* NextRace */ = {
			isa = PBXNativeTarget;
			buildConfigurationList = B8AE757C2D4C9D7C00EEF1D8 /* Build configuration list for PBXNativeTarget "NextRace" */;
			buildPhases = (
				B8AE75542D4C9D7900EEF1D8 /* Sources */,
				B8AE75552D4C9D7900EEF1D8 /* Frameworks */,
				B8AE75562D4C9D7900EEF1D8 /* Resources */,
			);
			buildRules = (
			);
			dependencies = (
			);
			name = NextRace;
			productName = NextRace;
			productReference = B8AE75582D4C9D7900EEF1D8 /* NextRace.app */;
			productType = "com.apple.product-type.application";
		};
		B8AE75672D4C9D7C00EEF1D8 /* NextRaceTests */ = {
			isa = PBXNativeTarget;
			buildConfigurationList = B8AE757F2D4C9D7C00EEF1D8 /* Build configuration list for PBXNativeTarget "NextRaceTests" */;
			buildPhases = (
				B8AE75642D4C9D7C00EEF1D8 /* Sources */,
				B8AE75652D4C9D7C00EEF1D8 /* Frameworks */,
				B8AE75662D4C9D7C00EEF1D8 /* Resources */,
			);
			buildRules = (
			);
			dependencies = (
				B8AE756A2D4C9D7C00EEF1D8 /* PBXTargetDependency */,
			);
			name = NextRaceTests;
			productName = NextRaceTests;
			productReference = B8AE75682D4C9D7C00EEF1D8 /* NextRaceTests.xctest */;
			productType = "com.apple.product-type.bundle.unit-test";
		};
/* End PBXNativeTarget section */

/* Begin PBXProject section */
		B8AE75502D4C9D7900EEF1D8 /* Project object */ = {
			isa = PBXProject;
			attributes = {
				BuildIndependentTargetsInParallel = 1;
				LastSwiftUpdateCheck = 1510;
				LastUpgradeCheck = 1510;
				TargetAttributes = {
					B8AE75572D4C9D7900EEF1D8 = {
						CreatedOnToolsVersion = 15.1;
					};
					B8AE75672D4C9D7C00EEF1D8 = {
						CreatedOnToolsVersion = 15.1;
						TestTargetID = B8AE75572D4C9D7900EEF1D8;
					};
				};
			};
			buildConfigurationList = B8AE75532D4C9D7900EEF1D8 /* Build configuration list for PBXProject "NextRace" */;
			compatibilityVersion = "Xcode 14.0";
			developmentRegion = en;
			hasScannedForEncodings = 0;
			knownRegions = (
				en,
				Base,
				fr,
			);
			mainGroup = B8AE754F2D4C9D7900EEF1D8;
			productRefGroup = B8AE75592D4C9D7900EEF1D8 /* Products */;
			projectDirPath = "";
			projectRoot = "";
			targets = (
				B8AE75572D4C9D7900EEF1D8 /* NextRace */,
				B8AE75672D4C9D7C00EEF1D8 /* NextRaceTests */,
			);
		};
/* End PBXProject section */

/* Begin PBXResourcesBuildPhase section */
		B8AE75562D4C9D7900EEF1D8 /* Resources */ = {
			isa = PBXResourcesBuildPhase;
			buildActionMask = 2147483647;
			files = (
				B8AE75632D4C9D7C00EEF1D8 /* Preview Assets.xcassets in Resources */,
				B8AE75602D4C9D7C00EEF1D8 /* Assets.xcassets in Resources */,
				B8AE75982D4CC0A200EEF1D8 /* Localizable.xcstrings in Resources */,
				B8AE75962D4CBED100EEF1D8 /* FugazOne-Regular.ttf in Resources */,
			);
			runOnlyForDeploymentPostprocessing = 0;
		};
		B8AE75662D4C9D7C00EEF1D8 /* Resources */ = {
			isa = PBXResourcesBuildPhase;
			buildActionMask = 2147483647;
			files = (
			);
			runOnlyForDeploymentPostprocessing = 0;
		};
/* End PBXResourcesBuildPhase section */

/* Begin PBXSourcesBuildPhase section */
		B8AE75542D4C9D7900EEF1D8 /* Sources */ = {
			isa = PBXSourcesBuildPhase;
			buildActionMask = 2147483647;
			files = (
				B8AE75922D4CB75B00EEF1D8 /* Resources.swift in Sources */,
				B8AE758B2D4CB01D00EEF1D8 /* SearchView.swift in Sources */,
				B8AE759A2D4CC2B600EEF1D8 /* SearchViewModel.swift in Sources */,
				B8AE755C2D4C9D7900EEF1D8 /* NextRaceApp.swift in Sources */,
				B8AE759C2D4CC2E100EEF1D8 /* CustomNavigationBar.swift in Sources */,
			);
			runOnlyForDeploymentPostprocessing = 0;
		};
		B8AE75642D4C9D7C00EEF1D8 /* Sources */ = {
			isa = PBXSourcesBuildPhase;
			buildActionMask = 2147483647;
			files = (
				B8AE756D2D4C9D7C00EEF1D8 /* NextRaceTests.swift in Sources */,
			);
			runOnlyForDeploymentPostprocessing = 0;
		};
/* End PBXSourcesBuildPhase section */

/* Begin PBXTargetDependency section */
		B8AE756A2D4C9D7C00EEF1D8 /* PBXTargetDependency */ = {
			isa = PBXTargetDependency;
			target = B8AE75572D4C9D7900EEF1D8 /* NextRace */;
			targetProxy = B8AE75692D4C9D7C00EEF1D8 /* PBXContainerItemProxy */;
		};
/* End PBXTargetDependency section */

/* Begin XCBuildConfiguration section */
		B8AE757A2D4C9D7C00EEF1D8 /* Debug */ = {
			isa = XCBuildConfiguration;
			buildSettings = {
				ALWAYS_SEARCH_USER_PATHS = NO;
				ASSETCATALOG_COMPILER_GENERATE_SWIFT_ASSET_SYMBOL_EXTENSIONS = YES;
				CLANG_ANALYZER_NONNULL = YES;
				CLANG_ANALYZER_NUMBER_OBJECT_CONVERSION = YES_AGGRESSIVE;
				CLANG_CXX_LANGUAGE_STANDARD = "gnu++20";
				CLANG_ENABLE_MODULES = YES;
				CLANG_ENABLE_OBJC_ARC = YES;
				CLANG_ENABLE_OBJC_WEAK = YES;
				CLANG_WARN_BLOCK_CAPTURE_AUTORELEASING = YES;
				CLANG_WARN_BOOL_CONVERSION = YES;
				CLANG_WARN_COMMA = YES;
				CLANG_WARN_CONSTANT_CONVERSION = YES;
				CLANG_WARN_DEPRECATED_OBJC_IMPLEMENTATIONS = YES;
				CLANG_WARN_DIRECT_OBJC_ISA_USAGE = YES_ERROR;
				CLANG_WARN_DOCUMENTATION_COMMENTS = YES;
				CLANG_WARN_EMPTY_BODY = YES;
				CLANG_WARN_ENUM_CONVERSION = YES;
				CLANG_WARN_INFINITE_RECURSION = YES;
				CLANG_WARN_INT_CONVERSION = YES;
				CLANG_WARN_NON_LITERAL_NULL_CONVERSION = YES;
				CLANG_WARN_OBJC_IMPLICIT_RETAIN_SELF = YES;
				CLANG_WARN_OBJC_LITERAL_CONVERSION = YES;
				CLANG_WARN_OBJC_ROOT_CLASS = YES_ERROR;
				CLANG_WARN_QUOTED_INCLUDE_IN_FRAMEWORK_HEADER = YES;
				CLANG_WARN_RANGE_LOOP_ANALYSIS = YES;
				CLANG_WARN_STRICT_PROTOTYPES = YES;
				CLANG_WARN_SUSPICIOUS_MOVE = YES;
				CLANG_WARN_UNGUARDED_AVAILABILITY = YES_AGGRESSIVE;
				CLANG_WARN_UNREACHABLE_CODE = YES;
				CLANG_WARN__DUPLICATE_METHOD_MATCH = YES;
				COPY_PHASE_STRIP = NO;
				DEBUG_INFORMATION_FORMAT = dwarf;
				ENABLE_STRICT_OBJC_MSGSEND = YES;
				ENABLE_TESTABILITY = YES;
				ENABLE_USER_SCRIPT_SANDBOXING = YES;
				GCC_C_LANGUAGE_STANDARD = gnu17;
				GCC_DYNAMIC_NO_PIC = NO;
				GCC_NO_COMMON_BLOCKS = YES;
				GCC_OPTIMIZATION_LEVEL = 0;
				GCC_PREPROCESSOR_DEFINITIONS = (
					"DEBUG=1",
					"$(inherited)",
				);
				GCC_WARN_64_TO_32_BIT_CONVERSION = YES;
				GCC_WARN_ABOUT_RETURN_TYPE = YES_ERROR;
				GCC_WARN_UNDECLARED_SELECTOR = YES;
				GCC_WARN_UNINITIALIZED_AUTOS = YES_AGGRESSIVE;
				GCC_WARN_UNUSED_FUNCTION = YES;
				GCC_WARN_UNUSED_VARIABLE = YES;
				IPHONEOS_DEPLOYMENT_TARGET = 17.2;
				LOCALIZATION_PREFERS_STRING_CATALOGS = YES;
				MTL_ENABLE_DEBUG_INFO = INCLUDE_SOURCE;
				MTL_FAST_MATH = YES;
				ONLY_ACTIVE_ARCH = YES;
				SDKROOT = iphoneos;
				SWIFT_ACTIVE_COMPILATION_CONDITIONS = "DEBUG $(inherited)";
				SWIFT_OPTIMIZATION_LEVEL = "-Onone";
			};
			name = Debug;
		};
		B8AE757B2D4C9D7C00EEF1D8 /* Release */ = {
			isa = XCBuildConfiguration;
			buildSettings = {
				ALWAYS_SEARCH_USER_PATHS = NO;
				ASSETCATALOG_COMPILER_GENERATE_SWIFT_ASSET_SYMBOL_EXTENSIONS = YES;
				CLANG_ANALYZER_NONNULL = YES;
				CLANG_ANALYZER_NUMBER_OBJECT_CONVERSION = YES_AGGRESSIVE;
				CLANG_CXX_LANGUAGE_STANDARD = "gnu++20";
				CLANG_ENABLE_MODULES = YES;
				CLANG_ENABLE_OBJC_ARC = YES;
				CLANG_ENABLE_OBJC_WEAK = YES;
				CLANG_WARN_BLOCK_CAPTURE_AUTORELEASING = YES;
				CLANG_WARN_BOOL_CONVERSION = YES;
				CLANG_WARN_COMMA = YES;
				CLANG_WARN_CONSTANT_CONVERSION = YES;
				CLANG_WARN_DEPRECATED_OBJC_IMPLEMENTATIONS = YES;
				CLANG_WARN_DIRECT_OBJC_ISA_USAGE = YES_ERROR;
				CLANG_WARN_DOCUMENTATION_COMMENTS = YES;
				CLANG_WARN_EMPTY_BODY = YES;
				CLANG_WARN_ENUM_CONVERSION = YES;
				CLANG_WARN_INFINITE_RECURSION = YES;
				CLANG_WARN_INT_CONVERSION = YES;
				CLANG_WARN_NON_LITERAL_NULL_CONVERSION = YES;
				CLANG_WARN_OBJC_IMPLICIT_RETAIN_SELF = YES;
				CLANG_WARN_OBJC_LITERAL_CONVERSION = YES;
				CLANG_WARN_OBJC_ROOT_CLASS = YES_ERROR;
				CLANG_WARN_QUOTED_INCLUDE_IN_FRAMEWORK_HEADER = YES;
				CLANG_WARN_RANGE_LOOP_ANALYSIS = YES;
				CLANG_WARN_STRICT_PROTOTYPES = YES;
				CLANG_WARN_SUSPICIOUS_MOVE = YES;
				CLANG_WARN_UNGUARDED_AVAILABILITY = YES_AGGRESSIVE;
				CLANG_WARN_UNREACHABLE_CODE = YES;
				CLANG_WARN__DUPLICATE_METHOD_MATCH = YES;
				COPY_PHASE_STRIP = NO;
				DEBUG_INFORMATION_FORMAT = "dwarf-with-dsym";
				ENABLE_NS_ASSERTIONS = NO;
				ENABLE_STRICT_OBJC_MSGSEND = YES;
				ENABLE_USER_SCRIPT_SANDBOXING = YES;
				GCC_C_LANGUAGE_STANDARD = gnu17;
				GCC_NO_COMMON_BLOCKS = YES;
				GCC_WARN_64_TO_32_BIT_CONVERSION = YES;
				GCC_WARN_ABOUT_RETURN_TYPE = YES_ERROR;
				GCC_WARN_UNDECLARED_SELECTOR = YES;
				GCC_WARN_UNINITIALIZED_AUTOS = YES_AGGRESSIVE;
				GCC_WARN_UNUSED_FUNCTION = YES;
				GCC_WARN_UNUSED_VARIABLE = YES;
				IPHONEOS_DEPLOYMENT_TARGET = 17.2;
				LOCALIZATION_PREFERS_STRING_CATALOGS = YES;
				MTL_ENABLE_DEBUG_INFO = NO;
				MTL_FAST_MATH = YES;
				SDKROOT = iphoneos;
				SWIFT_COMPILATION_MODE = wholemodule;
				VALIDATE_PRODUCT = YES;
			};
			name = Release;
		};
		B8AE757D2D4C9D7C00EEF1D8 /* Debug */ = {
			isa = XCBuildConfiguration;
			buildSettings = {
				ASSETCATALOG_COMPILER_APPICON_NAME = AppIcon;
				ASSETCATALOG_COMPILER_GLOBAL_ACCENT_COLOR_NAME = AccentColor;
				CODE_SIGN_STYLE = Automatic;
				CURRENT_PROJECT_VERSION = 1;
				DEVELOPMENT_ASSET_PATHS = "\"Resources/Preview Content\"";
				DEVELOPMENT_TEAM = CJ4U3HXF7J;
				ENABLE_PREVIEWS = YES;
				GENERATE_INFOPLIST_FILE = YES;
				INFOPLIST_FILE = "Configuration/NextRace-Info.plist";
				INFOPLIST_KEY_UIApplicationSceneManifest_Generation = YES;
				INFOPLIST_KEY_UIApplicationSupportsIndirectInputEvents = YES;
				INFOPLIST_KEY_UISupportedInterfaceOrientations_iPad = "UIInterfaceOrientationPortrait UIInterfaceOrientationPortraitUpsideDown UIInterfaceOrientationLandscapeLeft UIInterfaceOrientationLandscapeRight";
				INFOPLIST_KEY_UISupportedInterfaceOrientations_iPhone = "UIInterfaceOrientationPortrait UIInterfaceOrientationLandscapeLeft UIInterfaceOrientationLandscapeRight";
				LD_RUNPATH_SEARCH_PATHS = (
					"$(inherited)",
					"@executable_path/Frameworks",
				);
				MARKETING_VERSION = 1.0;
				PRODUCT_BUNDLE_IDENTIFIER = fr.RedouaneAmour.NextRace;
				PRODUCT_NAME = "$(TARGET_NAME)";
				SWIFT_EMIT_LOC_STRINGS = YES;
				SWIFT_VERSION = 5.0;
				TARGETED_DEVICE_FAMILY = "1,2";
			};
			name = Debug;
		};
		B8AE757E2D4C9D7C00EEF1D8 /* Release */ = {
			isa = XCBuildConfiguration;
			buildSettings = {
				ASSETCATALOG_COMPILER_APPICON_NAME = AppIcon;
				ASSETCATALOG_COMPILER_GLOBAL_ACCENT_COLOR_NAME = AccentColor;
				CODE_SIGN_STYLE = Automatic;
				CURRENT_PROJECT_VERSION = 1;
				DEVELOPMENT_ASSET_PATHS = "\"Resources/Preview Content\"";
				DEVELOPMENT_TEAM = CJ4U3HXF7J;
				ENABLE_PREVIEWS = YES;
				GENERATE_INFOPLIST_FILE = YES;
				INFOPLIST_FILE = "Configuration/NextRace-Info.plist";
				INFOPLIST_KEY_UIApplicationSceneManifest_Generation = YES;
				INFOPLIST_KEY_UIApplicationSupportsIndirectInputEvents = YES;
				INFOPLIST_KEY_UISupportedInterfaceOrientations_iPad = "UIInterfaceOrientationPortrait UIInterfaceOrientationPortraitUpsideDown UIInterfaceOrientationLandscapeLeft UIInterfaceOrientationLandscapeRight";
				INFOPLIST_KEY_UISupportedInterfaceOrientations_iPhone = "UIInterfaceOrientationPortrait UIInterfaceOrientationLandscapeLeft UIInterfaceOrientationLandscapeRight";
				LD_RUNPATH_SEARCH_PATHS = (
					"$(inherited)",
					"@executable_path/Frameworks",
				);
				MARKETING_VERSION = 1.0;
				PRODUCT_BUNDLE_IDENTIFIER = fr.RedouaneAmour.NextRace;
				PRODUCT_NAME = "$(TARGET_NAME)";
				SWIFT_EMIT_LOC_STRINGS = YES;
				SWIFT_VERSION = 5.0;
				TARGETED_DEVICE_FAMILY = "1,2";
			};
			name = Release;
		};
		B8AE75802D4C9D7C00EEF1D8 /* Debug */ = {
			isa = XCBuildConfiguration;
			buildSettings = {
				ALWAYS_EMBED_SWIFT_STANDARD_LIBRARIES = YES;
				BUNDLE_LOADER = "$(TEST_HOST)";
				CODE_SIGN_STYLE = Automatic;
				CURRENT_PROJECT_VERSION = 1;
				DEVELOPMENT_TEAM = CJ4U3HXF7J;
				GENERATE_INFOPLIST_FILE = YES;
				IPHONEOS_DEPLOYMENT_TARGET = 17.2;
				MARKETING_VERSION = 1.0;
				PRODUCT_BUNDLE_IDENTIFIER = fr.RedouaneAmour.NextRaceTests;
				PRODUCT_NAME = "$(TARGET_NAME)";
				SWIFT_EMIT_LOC_STRINGS = NO;
				SWIFT_VERSION = 5.0;
				TARGETED_DEVICE_FAMILY = "1,2";
				TEST_HOST = "$(BUILT_PRODUCTS_DIR)/NextRace.app/$(BUNDLE_EXECUTABLE_FOLDER_PATH)/NextRace";
			};
			name = Debug;
		};
		B8AE75812D4C9D7C00EEF1D8 /* Release */ = {
			isa = XCBuildConfiguration;
			buildSettings = {
				ALWAYS_EMBED_SWIFT_STANDARD_LIBRARIES = YES;
				BUNDLE_LOADER = "$(TEST_HOST)";
				CODE_SIGN_STYLE = Automatic;
				CURRENT_PROJECT_VERSION = 1;
				DEVELOPMENT_TEAM = CJ4U3HXF7J;
				GENERATE_INFOPLIST_FILE = YES;
				IPHONEOS_DEPLOYMENT_TARGET = 17.2;
				MARKETING_VERSION = 1.0;
				PRODUCT_BUNDLE_IDENTIFIER = fr.RedouaneAmour.NextRaceTests;
				PRODUCT_NAME = "$(TARGET_NAME)";
				SWIFT_EMIT_LOC_STRINGS = NO;
				SWIFT_VERSION = 5.0;
				TARGETED_DEVICE_FAMILY = "1,2";
				TEST_HOST = "$(BUILT_PRODUCTS_DIR)/NextRace.app/$(BUNDLE_EXECUTABLE_FOLDER_PATH)/NextRace";
			};
			name = Release;
		};
/* End XCBuildConfiguration section */

/* Begin XCConfigurationList section */
		B8AE75532D4C9D7900EEF1D8 /* Build configuration list for PBXProject "NextRace" */ = {
			isa = XCConfigurationList;
			buildConfigurations = (
				B8AE757A2D4C9D7C00EEF1D8 /* Debug */,
				B8AE757B2D4C9D7C00EEF1D8 /* Release */,
			);
			defaultConfigurationIsVisible = 0;
			defaultConfigurationName = Release;
		};
		B8AE757C2D4C9D7C00EEF1D8 /* Build configuration list for PBXNativeTarget "NextRace" */ = {
			isa = XCConfigurationList;
			buildConfigurations = (
				B8AE757D2D4C9D7C00EEF1D8 /* Debug */,
				B8AE757E2D4C9D7C00EEF1D8 /* Release */,
			);
			defaultConfigurationIsVisible = 0;
			defaultConfigurationName = Release;
		};
		B8AE757F2D4C9D7C00EEF1D8 /* Build configuration list for PBXNativeTarget "NextRaceTests" */ = {
			isa = XCConfigurationList;
			buildConfigurations = (
				B8AE75802D4C9D7C00EEF1D8 /* Debug */,
				B8AE75812D4C9D7C00EEF1D8 /* Release */,
			);
			defaultConfigurationIsVisible = 0;
			defaultConfigurationName = Release;
		};
/* End XCConfigurationList section */
	};
	rootObject = B8AE75502D4C9D7900EEF1D8 /* Project object */;
}
